
Microsoft Visual Studio Solution File, Format Version 11.00
# Visual Studio 2010
Project("{FAE04EC0-301F-11D3-BF4B-00C04F79EFBC}") = "dataPersistence", "persistencia\dataPersistence.csproj", "{B7C9E2CC-9457-4A99-9063-4591C52D23A4}"
	ProjectSection(ProjectDependencies) = postProject
		{D39F2364-0562-4F2C-94A7-0B3A7E854BA3} = {D39F2364-0562-4F2C-94A7-0B3A7E854BA3}
	EndProjectSection
EndProject
Project("{FAE04EC0-301F-11D3-BF4B-00C04F79EFBC}") = "program", "program\program.csproj", "{E314330A-828A-4476-85A9-A2E987EF8CD1}"
	ProjectSection(ProjectDependencies) = postProject
		{D39F2364-0562-4F2C-94A7-0B3A7E854BA3} = {D39F2364-0562-4F2C-94A7-0B3A7E854BA3}
		{B7C9E2CC-9457-4A99-9063-4591C52D23A4} = {B7C9E2CC-9457-4A99-9063-4591C52D23A4}
	EndProjectSection
EndProject
Project("{FAE04EC0-301F-11D3-BF4B-00C04F79EFBC}") = "sharedEntities", "sharedEntities\sharedEntities.csproj", "{D39F2364-0562-4F2C-94A7-0B3A7E854BA3}"
EndProject
Project("{E24C65DC-7377-472B-9ABA-BC803B73C61A}") = "web", "web\", "{ECA1BD86-66F7-4D0D-ABA3-14478521B097}"
	ProjectSection(WebsiteProperties) = preProject
		TargetFrameworkMoniker = ".NETFramework,Version%3Dv4.0"
		ProjectReferences = "{E314330A-828A-4476-85A9-A2E987EF8CD1}|program.dll;{B7C9E2CC-9457-4A99-9063-4591C52D23A4}|persistencia.dll;{D39F2364-0562-4F2C-94A7-0B3A7E854BA3}|sharedEntities.dll;"
		Debug.AspNetCompiler.VirtualPath = "/web"
		Debug.AspNetCompiler.PhysicalPath = "web\"
		Debug.AspNetCompiler.TargetPath = "PrecompiledWeb\web\"
		Debug.AspNetCompiler.Updateable = "true"
		Debug.AspNetCompiler.ForceOverwrite = "true"
		Debug.AspNetCompiler.FixedNames = "false"
		Debug.AspNetCompiler.Debug = "True"
		Release.AspNetCompiler.VirtualPath = "/web"
		Release.AspNetCompiler.PhysicalPath = "web\"
		Release.AspNetCompiler.TargetPath = "PrecompiledWeb\web\"
		Release.AspNetCompiler.Updateable = "true"
		Release.AspNetCompiler.ForceOverwrite = "true"
		Release.AspNetCompiler.FixedNames = "false"
		Release.AspNetCompiler.Debug = "False"
		VWDPort = "51341"
	EndProjectSection
EndProject
Global
	GlobalSection(SolutionConfigurationPlatforms) = preSolution
		Debug|Any CPU = Debug|Any CPU
		Release|Any CPU = Release|Any CPU
	EndGlobalSection
	GlobalSection(ProjectConfigurationPlatforms) = postSolution
		{B7C9E2CC-9457-4A99-9063-4591C52D23A4}.Debug|Any CPU.ActiveCfg = Debug|Any CPU
		{B7C9E2CC-9457-4A99-9063-4591C52D23A4}.Debug|Any CPU.Build.0 = Debug|Any CPU
		{B7C9E2CC-9457-4A99-9063-4591C52D23A4}.Release|Any CPU.ActiveCfg = Release|Any CPU
		{B7C9E2CC-9457-4A99-9063-4591C52D23A4}.Release|Any CPU.Build.0 = Release|Any CPU
		{E314330A-828A-4476-85A9-A2E987EF8CD1}.Debug|Any CPU.ActiveCfg = Debug|Any CPU
		{E314330A-828A-4476-85A9-A2E987EF8CD1}.Debug|Any CPU.Build.0 = Debug|Any CPU
		{E314330A-828A-4476-85A9-A2E987EF8CD1}.Release|Any CPU.ActiveCfg = Release|Any CPU
		{E314330A-828A-4476-85A9-A2E987EF8CD1}.Release|Any CPU.Build.0 = Release|Any CPU
		{D39F2364-0562-4F2C-94A7-0B3A7E854BA3}.Debug|Any CPU.ActiveCfg = Debug|Any CPU
		{D39F2364-0562-4F2C-94A7-0B3A7E854BA3}.Debug|Any CPU.Build.0 = Debug|Any CPU
		{D39F2364-0562-4F2C-94A7-0B3A7E854BA3}.Release|Any CPU.ActiveCfg = Release|Any CPU
		{D39F2364-0562-4F2C-94A7-0B3A7E854BA3}.Release|Any CPU.Build.0 = Release|Any CPU
		{ECA1BD86-66F7-4D0D-ABA3-14478521B097}.Debug|Any CPU.ActiveCfg = Debug|Any CPU
		{ECA1BD86-66F7-4D0D-ABA3-14478521B097}.Debug|Any CPU.Build.0 = Debug|Any CPU
		{ECA1BD86-66F7-4D0D-ABA3-14478521B097}.Release|Any CPU.ActiveCfg = Debug|Any CPU
		{ECA1BD86-66F7-4D0D-ABA3-14478521B097}.Release|Any CPU.Build.0 = Debug|Any CPU
	EndGlobalSection
	GlobalSection(SolutionProperties) = preSolution
		HideSolutionNode = FALSE
	EndGlobalSection
EndGlobal
